{
  "name": "egg",
  "version": "1.0.0",
  "lockfileVersion": 1,
  "requires": true,
  "dependencies": {
    "a-sync-waterfall": {
      "version": "1.0.1",
      "resolved": "https://registry.nlark.com/a-sync-waterfall/download/a-sync-waterfall-1.0.1.tgz",
      "integrity": "sha1-dba2qnJZi0l6El56J3DxT0yKH6c="
    },
    "asap": {
      "version": "2.0.6",
      "resolved": "https://registry.nlark.com/asap/download/asap-2.0.6.tgz",
      "integrity": "sha1-5QNHYR1+aQlDIIu9r+vLwvuGbUY="
    },
    "commander": {
      "version": "5.1.0",
      "resolved": "https://registry.npmmirror.com/commander/download/commander-5.1.0.tgz?cache=0&sync_timestamp=1634886396986&other_urls=https%3A%2F%2Fregistry.npmmirror.com%2Fcommander%2Fdownload%2Fcommander-5.1.0.tgz",
      "integrity": "sha1-Rqu9FlL44Fm92u+Zu9yyrZzxea4="
    },
    "egg-view-nunjucks": {
      "version": "2.3.0",
      "resolved": "https://registry.nlark.com/egg-view-nunjucks/download/egg-view-nunjucks-2.3.0.tgz",
      "integrity": "sha1-xBViAVfUI9EtA+CiTeaQJPc8LNk=",
      "requires": {
        "nunjucks": "^3.2.2"
      }
    },
    "nunjucks": {
      "version": "3.2.3",
      "resolved": "https://registry.npmmirror.com/nunjucks/download/nunjucks-3.2.3.tgz",
      "integrity": "sha1-GzNhUkcpDpTigmO12FXs52VkijE=",
      "requires": {
        "a-sync-waterfall": "^1.0.0",
        "asap": "^2.0.3",
        "commander": "^5.1.0"
      }
    }
  }
}
